
Microsoft Visual Studio Solution File, Format Version 12.00
Project("{FAE04EC0-301F-11D3-BF4B-00C04F79EFBC}") = "DesktopQRTools", "DesktopQRTools\DesktopQRTools.csproj", "{2A69E8F7-D8C5-447E-AC41-D2BE0ED6C7E9}"
EndProject
Project("{FAE04EC0-301F-11D3-BF4B-00C04F79EFBC}") = "DesktopQRToolsTests", "DesktopQRToolsTests\DesktopQRToolsTests.csproj", "{D9C79CC5-8B3F-4F3F-A54F-D5494546968C}"
EndProject
Global
	GlobalSection(SolutionConfigurationPlatforms) = preSolution
		Debug|Any CPU = Debug|Any CPU
		Release|Any CPU = Release|Any CPU
	EndGlobalSection
	GlobalSection(ProjectConfigurationPlatforms) = postSolution
		{2A69E8F7-D8C5-447E-AC41-D2BE0ED6C7E9}.Debug|Any CPU.ActiveCfg = Debug|Any CPU
		{2A69E8F7-D8C5-447E-AC41-D2BE0ED6C7E9}.Debug|Any CPU.Build.0 = Debug|Any CPU
		{2A69E8F7-D8C5-447E-AC41-D2BE0ED6C7E9}.Release|Any CPU.ActiveCfg = Release|Any CPU
		{2A69E8F7-D8C5-447E-AC41-D2BE0ED6C7E9}.Release|Any CPU.Build.0 = Release|Any CPU
		{D9C79CC5-8B3F-4F3F-A54F-D5494546968C}.Debug|Any CPU.ActiveCfg = Debug|Any CPU
		{D9C79CC5-8B3F-4F3F-A54F-D5494546968C}.Debug|Any CPU.Build.0 = Debug|Any CPU
		{D9C79CC5-8B3F-4F3F-A54F-D5494546968C}.Release|Any CPU.ActiveCfg = Release|Any CPU
		{D9C79CC5-8B3F-4F3F-A54F-D5494546968C}.Release|Any CPU.Build.0 = Release|Any CPU
	EndGlobalSection
EndGlobal
